// !$*UTF8*$!
{
	archiveVersion = 1;
	classes = {
	};
	objectVersion = 46;
	objects = {

/* Begin PBXBuildFile section */
		A082FACD20D10D4700958AC9 /* main.m in Sources */ = {isa = PBXBuildFile; fileRef = A082FACC20D10D4700958AC9 /* main.m */; };
		A082FAD020D10D4700958AC9 /* AppDelegate.m in Sources */ = {isa = PBXBuildFile; fileRef = A082FACF20D10D4700958AC9 /* AppDelegate.m */; };
		A082FAD320D10D4700958AC9 /* ViewController.m in Sources */ = {isa = PBXBuildFile; fileRef = A082FAD220D10D4700958AC9 /* ViewController.m */; };
		A082FAD620D10D4800958AC9 /* Main.storyboard in Resources */ = {isa = PBXBuildFile; fileRef = A082FAD420D10D4800958AC9 /* Main.storyboard */; };
		A082FAD820D10D4800958AC9 /* Assets.xcassets in Resources */ = {isa = PBXBuildFile; fileRef = A082FAD720D10D4800958AC9 /* Assets.xcassets */; };
		A082FADB20D10D4800958AC9 /* LaunchScreen.storyboard in Resources */ = {isa = PBXBuildFile; fileRef = A082FAD920D10D4800958AC9 /* LaunchScreen.storyboard */; };
		A082FAE620D10D4800958AC9 /* MyLiveTests.m in Sources */ = {isa = PBXBuildFile; fileRef = A082FAE520D10D4800958AC9 /* MyLiveTests.m */; };
		A082FAF120D10D4800958AC9 /* MyLiveUITests.m in Sources */ = {isa = PBXBuildFile; fileRef = A082FAF020D10D4800958AC9 /* MyLiveUITests.m */; };
/* End PBXBuildFile section */

/* Begin PBXContainerItemProxy section */
		A082FAE220D10D4800958AC9 /* PBXContainerItemProxy */ = {
			isa = PBXContainerItemProxy;
			containerPortal = A082FAC020D10D4700958AC9 /* Project object */;
			proxyType = 1;
			remoteGlobalIDString = A082FAC720D10D4700958AC9;
			remoteInfo = MyLive;
		};
		A082FAED20D10D4800958AC9 /* PBXContainerItemProxy */ = {
			isa = PBXContainerItemProxy;
			containerPortal = A082FAC020D10D4700958AC9 /* Project object */;
			proxyType = 1;
			remoteGlobalIDString = A082FAC720D10D4700958AC9;
			remoteInfo = MyLive;
		};
/* End PBXContainerItemProxy section */

/* Begin PBXFileReference section */
		A082FAC820D10D4700958AC9 /* MyLive.app */ = {isa = PBXFileReference; explicitFileType = wrapper.application; includeInIndex = 0; path = MyLive.app; sourceTree = BUILT_PRODUCTS_DIR; };
		A082FACC20D10D4700958AC9 /* main.m */ = {isa = PBXFileReference; lastKnownFileType = sourcecode.c.objc; path = main.m; sourceTree = "<group>"; };
		A082FACE20D10D4700958AC9 /* AppDelegate.h */ = {isa = PBXFileReference; lastKnownFileType = sourcecode.c.h; path = AppDelegate.h; sourceTree = "<group>"; };
		A082FACF20D10D4700958AC9 /* AppDelegate.m */ = {isa = PBXFileReference; lastKnownFileType = sourcecode.c.objc; path = AppDelegate.m; sourceTree = "<group>"; };
		A082FAD120D10D4700958AC9 /* ViewController.h */ = {isa = PBXFileReference; lastKnownFileType = sourcecode.c.h; path = ViewController.h; sourceTree = "<group>"; };
		A082FAD220D10D4700958AC9 /* ViewController.m */ = {isa = PBXFileReference; lastKnownFileType = sourcecode.c.objc; path = ViewController.m; sourceTree = "<group>"; };
		A082FAD520D10D4800958AC9 /* Base */ = {isa = PBXFileReference; lastKnownFileType = file.storyboard; name = Base; path = Base.lproj/Main.storyboard; sourceTree = "<group>"; };
		A082FAD720D10D4800958AC9 /* Assets.xcassets */ = {isa = PBXFileReference; lastKnownFileType = folder.assetcatalog; path = Assets.xcassets; sourceTree = "<group>"; };
		A082FADA20D10D4800958AC9 /* Base */ = {isa = PBXFileReference; lastKnownFileType = file.storyboard; name = Base; path = Base.lproj/LaunchScreen.storyboard; sourceTree = "<group>"; };
		A082FADC20D10D4800958AC9 /* Info.plist */ = {isa = PBXFileReference; lastKnownFileType = text.plist.xml; path = Info.plist; sourceTree = "<group>"; };
		A082FAE120D10D4800958AC9 /* MyLiveTests.xctest */ = {isa = PBXFileReference; explicitFileType = wrapper.cfbundle; includeInIndex = 0; path = MyLiveTests.xctest; sourceTree = BUILT_PRODUCTS_DIR; };
		A082FAE520D10D4800958AC9 /* MyLiveTests.m */ = {isa = PBXFileReference; lastKnownFileType = sourcecode.c.objc; path = MyLiveTests.m; sourceTree = "<group>"; };
		A082FAE720D10D4800958AC9 /* Info.plist */ = {isa = PBXFileReference; lastKnownFileType = text.plist.xml; path = Info.plist; sourceTree = "<group>"; };
		A082FAEC20D10D4800958AC9 /* MyLiveUITests.xctest */ = {isa = PBXFileReference; explicitFileType = wrapper.cfbundle; includeInIndex = 0; path = MyLiveUITests.xctest; sourceTree = BUILT_PRODUCTS_DIR; };
		A082FAF020D10D4800958AC9 /* MyLiveUITests.m */ = {isa = PBXFileReference; lastKnownFileType = sourcecode.c.objc; path = MyLiveUITests.m; sourceTree = "<group>"; };
		A082FAF220D10D4800958AC9 /* Info.plist */ = {isa = PBXFileReference; lastKnownFileType = text.plist.xml; path = Info.plist; sourceTree = "<group>"; };
/* End PBXFileReference section */

/* Begin PBXFrameworksBuildPhase section */
		A082FAC520D10D4700958AC9 /* Frameworks */ = {
			isa = PBXFrameworksBuildPhase;
			buildActionMask = 2147483647;
			files = (
			);
			runOnlyForDeploymentPostprocessing = 0;
		};
		A082FADE20D10D4800958AC9 /* Frameworks */ = {
			isa = PBXFrameworksBuildPhase;
			buildActionMask = 2147483647;
			files = (
			);
			runOnlyForDeploymentPostprocessing = 0;
		};
		A082FAE920D10D4800958AC9 /* Frameworks */ = {
			isa = PBXFrameworksBuildPhase;
			buildActionMask = 2147483647;
			files = (
			);
			runOnlyForDeploymentPostprocessing = 0;
		};
/* End PBXFrameworksBuildPhase section */

/* Begin PBXGroup section */
		A082FABF20D10D4700958AC9 = {
			isa = PBXGroup;
			children = (
				A082FACA20D10D4700958AC9 /* MyLive */,
				A082FAE420D10D4800958AC9 /* MyLiveTests */,
				A082FAEF20D10D4800958AC9 /* MyLiveUITests */,
				A082FAC920D10D4700958AC9 /* Products */,
			);
			sourceTree = "<group>";
		};
		A082FAC920D10D4700958AC9 /* Products */ = {
			isa = PBXGroup;
			children = (
				A082FAC820D10D4700958AC9 /* MyLive.app */,
				A082FAE120D10D4800958AC9 /* MyLiveTests.xctest */,
				A082FAEC20D10D4800958AC9 /* MyLiveUITests.xctest */,
			);
			name = Products;
			sourceTree = "<group>";
		};
		A082FACA20D10D4700958AC9 /* MyLive */ = {
			isa = PBXGroup;
			children = (
				A082FACE20D10D4700958AC9 /* AppDelegate.h */,
				A082FACF20D10D4700958AC9 /* AppDelegate.m */,
				A082FAD120D10D4700958AC9 /* ViewController.h */,
				A082FAD220D10D4700958AC9 /* ViewController.m */,
				A082FAD420D10D4800958AC9 /* Main.storyboard */,
				A082FAD720D10D4800958AC9 /* Assets.xcassets */,
				A082FAD920D10D4800958AC9 /* LaunchScreen.storyboard */,
				A082FADC20D10D4800958AC9 /* Info.plist */,
				A082FACB20D10D4700958AC9 /* Supporting Files */,
			);
			path = MyLive;
			sourceTree = "<group>";
		};
		A082FACB20D10D4700958AC9 /* Supporting Files */ = {
			isa = PBXGroup;
			children = (
				A082FACC20D10D4700958AC9 /* main.m */,
			);
			name = "Supporting Files";
			sourceTree = "<group>";
		};
		A082FAE420D10D4800958AC9 /* MyLiveTests */ = {
			isa = PBXGroup;
			children = (
				A082FAE520D10D4800958AC9 /* MyLiveTests.m */,
				A082FAE720D10D4800958AC9 /* Info.plist */,
			);
			path = MyLiveTests;
			sourceTree = "<group>";
		};
		A082FAEF20D10D4800958AC9 /* MyLiveUITests */ = {
			isa = PBXGroup;
			children = (
				A082FAF020D10D4800958AC9 /* MyLiveUITests.m */,
				A082FAF220D10D4800958AC9 /* Info.plist */,
			);
			path = MyLiveUITests;
			sourceTree = "<group>";
		};
/* End PBXGroup section */

/* Begin PBXNativeTarget section */
		A082FAC720D10D4700958AC9 /* MyLive */ = {
			isa = PBXNativeTarget;
			buildConfigurationList = A082FAF520D10D4800958AC9 /* Build configuration list for PBXNativeTarget "MyLive" */;
			buildPhases = (
				A082FAC420D10D4700958AC9 /* Sources */,
				A082FAC520D10D4700958AC9 /* Frameworks */,
				A082FAC620D10D4700958AC9 /* Resources */,
			);
			buildRules = (
			);
			dependencies = (
			);
			name = MyLive;
			productName = MyLive;
			productReference = A082FAC820D10D4700958AC9 /* MyLive.app */;
			productType = "com.apple.product-type.application";
		};
		A082FAE020D10D4800958AC9 /* MyLiveTests */ = {
			isa = PBXNativeTarget;
			buildConfigurationList = A082FAF820D10D4800958AC9 /* Build configuration list for PBXNativeTarget "MyLiveTests" */;
			buildPhases = (
				A082FADD20D10D4800958AC9 /* Sources */,
				A082FADE20D10D4800958AC9 /* Frameworks */,
				A082FADF20D10D4800958AC9 /* Resources */,
			);
			buildRules = (
			);
			dependencies = (
				A082FAE320D10D4800958AC9 /* PBXTargetDependency */,
			);
			name = MyLiveTests;
			productName = MyLiveTests;
			productReference = A082FAE120D10D4800958AC9 /* MyLiveTests.xctest */;
			productType = "com.apple.product-type.bundle.unit-test";
		};
		A082FAEB20D10D4800958AC9 /* MyLiveUITests */ = {
			isa = PBXNativeTarget;
			buildConfigurationList = A082FAFB20D10D4800958AC9 /* Build configuration list for PBXNativeTarget "MyLiveUITests" */;
			buildPhases = (
				A082FAE820D10D4800958AC9 /* Sources */,
				A082FAE920D10D4800958AC9 /* Frameworks */,
				A082FAEA20D10D4800958AC9 /* Resources */,
			);
			buildRules = (
			);
			dependencies = (
				A082FAEE20D10D4800958AC9 /* PBXTargetDependency */,
			);
			name = MyLiveUITests;
			productName = MyLiveUITests;
			productReference = A082FAEC20D10D4800958AC9 /* MyLiveUITests.xctest */;
			productType = "com.apple.product-type.bundle.ui-testing";
		};
/* End PBXNativeTarget section */

/* Begin PBXProject section */
		A082FAC020D10D4700958AC9 /* Project object */ = {
			isa = PBXProject;
			attributes = {
				LastUpgradeCheck = 0710;
				ORGANIZATIONNAME = lm;
				TargetAttributes = {
					A082FAC720D10D4700958AC9 = {
						CreatedOnToolsVersion = 7.1;
					};
					A082FAE020D10D4800958AC9 = {
						CreatedOnToolsVersion = 7.1;
						TestTargetID = A082FAC720D10D4700958AC9;
					};
					A082FAEB20D10D4800958AC9 = {
						CreatedOnToolsVersion = 7.1;
						TestTargetID = A082FAC720D10D4700958AC9;
					};
				};
			};
			buildConfigurationList = A082FAC320D10D4700958AC9 /* Build configuration list for PBXProject "MyLive" */;
			compatibilityVersion = "Xcode 3.2";
			developmentRegion = English;
			hasScannedForEncodings = 0;
			knownRegions = (
				en,
				Base,
			);
			mainGroup = A082FABF20D10D4700958AC9;
			productRefGroup = A082FAC920D10D4700958AC9 /* Products */;
			projectDirPath = "";
			projectRoot = "";
			targets = (
				A082FAC720D10D4700958AC9 /* MyLive */,
				A082FAE020D10D4800958AC9 /* MyLiveTests */,
				A082FAEB20D10D4800958AC9 /* MyLiveUITests */,
			);
		};
/* End PBXProject section */

/* Begin PBXResourcesBuildPhase section */
		A082FAC620D10D4700958AC9 /* Resources */ = {
			isa = PBXResourcesBuildPhase;
			buildActionMask = 2147483647;
			files = (
				A082FADB20D10D4800958AC9 /* LaunchScreen.storyboard in Resources */,
				A082FAD820D10D4800958AC9 /* Assets.xcassets in Resources */,
				A082FAD620D10D4800958AC9 /* Main.storyboard in Resources */,
			);
			runOnlyForDeploymentPostprocessing = 0;
		};
		A082FADF20D10D4800958AC9 /* Resources */ = {
			isa = PBXResourcesBuildPhase;
			buildActionMask = 2147483647;
			files = (
			);
			runOnlyForDeploymentPostprocessing = 0;
		};
		A082FAEA20D10D4800958AC9 /* Resources */ = {
			isa = PBXResourcesBuildPhase;
			buildActionMask = 2147483647;
			files = (
			);
			runOnlyForDeploymentPostprocessing = 0;
		};
/* End PBXResourcesBuildPhase section */

/* Begin PBXSourcesBuildPhase section */
		A082FAC420D10D4700958AC9 /* Sources */ = {
			isa = PBXSourcesBuildPhase;
			buildActionMask = 2147483647;
			files = (
				A082FAD320D10D4700958AC9 /* ViewController.m in Sources */,
				A082FAD020D10D4700958AC9 /* AppDelegate.m in Sources */,
				A082FACD20D10D4700958AC9 /* main.m in Sources */,
			);
			runOnlyForDeploymentPostprocessing = 0;
		};
		A082FADD20D10D4800958AC9 /* Sources */ = {
			isa = PBXSourcesBuildPhase;
			buildActionMask = 2147483647;
			files = (
				A082FAE620D10D4800958AC9 /* MyLiveTests.m in Sources */,
			);
			runOnlyForDeploymentPostprocessing = 0;
		};
		A082FAE820D10D4800958AC9 /* Sources */ = {
			isa = PBXSourcesBuildPhase;
			buildActionMask = 2147483647;
			files = (
				A082FAF120D10D4800958AC9 /* MyLiveUITests.m in Sources */,
			);
			runOnlyForDeploymentPostprocessing = 0;
		};
/* End PBXSourcesBuildPhase section */

/* Begin PBXTargetDependency section */
		A082FAE320D10D4800958AC9 /* PBXTargetDependency */ = {
			isa = PBXTargetDependency;
			target = A082FAC720D10D4700958AC9 /* MyLive */;
			targetProxy = A082FAE220D10D4800958AC9 /* PBXContainerItemProxy */;
		};
		A082FAEE20D10D4800958AC9 /* PBXTargetDependency */ = {
			isa = PBXTargetDependency;
			target = A082FAC720D10D4700958AC9 /* MyLive */;
			targetProxy = A082FAED20D10D4800958AC9 /* PBXContainerItemProxy */;
		};
/* End PBXTargetDependency section */

/* Begin PBXVariantGroup section */
		A082FAD420D10D4800958AC9 /* Main.storyboard */ = {
			isa = PBXVariantGroup;
			children = (
				A082FAD520D10D4800958AC9 /* Base */,
			);
			name = Main.storyboard;
			sourceTree = "<group>";
		};
		A082FAD920D10D4800958AC9 /* LaunchScreen.storyboard */ = {
			isa = PBXVariantGroup;
			children = (
				A082FADA20D10D4800958AC9 /* Base */,
			);
			name = LaunchScreen.storyboard;
			sourceTree = "<group>";
		};
/* End PBXVariantGroup section */

/* Begin XCBuildConfiguration section */
		A082FAF320D10D4800958AC9 /* Debug */ = {
			isa = XCBuildConfiguration;
			buildSettings = {
				ALWAYS_SEARCH_USER_PATHS = NO;
				CLANG_CXX_LANGUAGE_STANDARD = "gnu++0x";
				CLANG_CXX_LIBRARY = "libc++";
				CLANG_ENABLE_MODULES = YES;
				CLANG_ENABLE_OBJC_ARC = YES;
				CLANG_WARN_BOOL_CONVERSION = YES;
				CLANG_WARN_CONSTANT_CONVERSION = YES;
				CLANG_WARN_DIRECT_OBJC_ISA_USAGE = YES_ERROR;
				CLANG_WARN_EMPTY_BODY = YES;
				CLANG_WARN_ENUM_CONVERSION = YES;
				CLANG_WARN_INT_CONVERSION = YES;
				CLANG_WARN_OBJC_ROOT_CLASS = YES_ERROR;
				CLANG_WARN_UNREACHABLE_CODE = YES;
				CLANG_WARN__DUPLICATE_METHOD_MATCH = YES;
				"CODE_SIGN_IDENTITY[sdk=iphoneos*]" = "iPhone Developer";
				COPY_PHASE_STRIP = NO;
				DEBUG_INFORMATION_FORMAT = dwarf;
				ENABLE_STRICT_OBJC_MSGSEND = YES;
				ENABLE_TESTABILITY = YES;
				GCC_C_LANGUAGE_STANDARD = gnu99;
				GCC_DYNAMIC_NO_PIC = NO;
				GCC_NO_COMMON_BLOCKS = YES;
				GCC_OPTIMIZATION_LEVEL = 0;
				GCC_PREPROCESSOR_DEFINITIONS = (
					"DEBUG=1",
					"$(inherited)",
				);
				GCC_WARN_64_TO_32_BIT_CONVERSION = YES;
				GCC_WARN_ABOUT_RETURN_TYPE = YES_ERROR;
				GCC_WARN_UNDECLARED_SELECTOR = YES;
				GCC_WARN_UNINITIALIZED_AUTOS = YES_AGGRESSIVE;
				GCC_WARN_UNUSED_FUNCTION = YES;
				GCC_WARN_UNUSED_VARIABLE = YES;
				IPHONEOS_DEPLOYMENT_TARGET = 9.1;
				MTL_ENABLE_DEBUG_INFO = YES;
				ONLY_ACTIVE_ARCH = YES;
				SDKROOT = iphoneos;
			};
			name = Debug;
		};
		A082FAF420D10D4800958AC9 /* Release */ = {
			isa = XCBuildConfiguration;
			buildSettings = {
				ALWAYS_SEARCH_USER_PATHS = NO;
				CLANG_CXX_LANGUAGE_STANDARD = "gnu++0x";
				CLANG_CXX_LIBRARY = "libc++";
				CLANG_ENABLE_MODULES = YES;
				CLANG_ENABLE_OBJC_ARC = YES;
				CLANG_WARN_BOOL_CONVERSION = YES;
				CLANG_WARN_CONSTANT_CONVERSION = YES;
				CLANG_WARN_DIRECT_OBJC_ISA_USAGE = YES_ERROR;
				CLANG_WARN_EMPTY_BODY = YES;
				CLANG_WARN_ENUM_CONVERSION = YES;
				CLANG_WARN_INT_CONVERSION = YES;
				CLANG_WARN_OBJC_ROOT_CLASS = YES_ERROR;
				CLANG_WARN_UNREACHABLE_CODE = YES;
				CLANG_WARN__DUPLICATE_METHOD_MATCH = YES;
				"CODE_SIGN_IDENTITY[sdk=iphoneos*]" = "iPhone Developer";
				COPY_PHASE_STRIP = NO;
				DEBUG_INFORMATION_FORMAT = "dwarf-with-dsym";
				ENABLE_NS_ASSERTIONS = NO;
				ENABLE_STRICT_OBJC_MSGSEND = YES;
				GCC_C_LANGUAGE_STANDARD = gnu99;
				GCC_NO_COMMON_BLOCKS = YES;
				GCC_WARN_64_TO_32_BIT_CONVERSION = YES;
				GCC_WARN_ABOUT_RETURN_TYPE = YES_ERROR;
				GCC_WARN_UNDECLARED_SELECTOR = YES;
				GCC_WARN_UNINITIALIZED_AUTOS = YES_AGGRESSIVE;
				GCC_WARN_UNUSED_FUNCTION = YES;
				GCC_WARN_UNUSED_VARIABLE = YES;
				IPHONEOS_DEPLOYMENT_TARGET = 9.1;
				MTL_ENABLE_DEBUG_INFO = NO;
				SDKROOT = iphoneos;
				VALIDATE_PRODUCT = YES;
			};
			name = Release;
		};
		A082FAF620D10D4800958AC9 /* Debug */ = {
			isa = XCBuildConfiguration;
			buildSettings = {
				ASSETCATALOG_COMPILER_APPICON_NAME = AppIcon;
				INFOPLIST_FILE = MyLive/Info.plist;
				LD_RUNPATH_SEARCH_PATHS = "$(inherited) @executable_path/Frameworks";
				PRODUCT_BUNDLE_IDENTIFIER = lm.MyLive;
				PRODUCT_NAME = "$(TARGET_NAME)";
			};
			name = Debug;
		};
		A082FAF720D10D4800958AC9 /* Release */ = {
			isa = XCBuildConfiguration;
			buildSettings = {
				ASSETCATALOG_COMPILER_APPICON_NAME = AppIcon;
				INFOPLIST_FILE = MyLive/Info.plist;
				LD_RUNPATH_SEARCH_PATHS = "$(inherited) @executable_path/Frameworks";
				PRODUCT_BUNDLE_IDENTIFIER = lm.MyLive;
				PRODUCT_NAME = "$(TARGET_NAME)";
			};
			name = Release;
		};
		A082FAF920D10D4800958AC9 /* Debug */ = {
			isa = XCBuildConfiguration;
			buildSettings = {
				BUNDLE_LOADER = "$(TEST_HOST)";
				INFOPLIST_FILE = MyLiveTests/Info.plist;
				LD_RUNPATH_SEARCH_PATHS = "$(inherited) @executable_path/Frameworks @loader_path/Frameworks";
				PRODUCT_BUNDLE_IDENTIFIER = lm.MyLiveTests;
				PRODUCT_NAME = "$(TARGET_NAME)";
				TEST_HOST = "$(BUILT_PRODUCTS_DIR)/MyLive.app/MyLive";
			};
			name = Debug;
		};
		A082FAFA20D10D4800958AC9 /* Release */ = {
			isa = XCBuildConfiguration;
			buildSettings = {
				BUNDLE_LOADER = "$(TEST_HOST)";
				INFOPLIST_FILE = MyLiveTests/Info.plist;
				LD_RUNPATH_SEARCH_PATHS = "$(inherited) @executable_path/Frameworks @loader_path/Frameworks";
				PRODUCT_BUNDLE_IDENTIFIER = lm.MyLiveTests;
				PRODUCT_NAME = "$(TARGET_NAME)";
				TEST_HOST = "$(BUILT_PRODUCTS_DIR)/MyLive.app/MyLive";
			};
			name = Release;
		};
		A082FAFC20D10D4800958AC9 /* Debug */ = {
			isa = XCBuildConfiguration;
			buildSettings = {
				INFOPLIST_FILE = MyLiveUITests/Info.plist;
				LD_RUNPATH_SEARCH_PATHS = "$(inherited) @executable_path/Frameworks @loader_path/Frameworks";
				PRODUCT_BUNDLE_IDENTIFIER = lm.MyLiveUITests;
				PRODUCT_NAME = "$(TARGET_NAME)";
				TEST_TARGET_NAME = MyLive;
				USES_XCTRUNNER = YES;
			};
			name = Debug;
		};
		A082FAFD20D10D4800958AC9 /* Release */ = {
			isa = XCBuildConfiguration;
			buildSettings = {
				INFOPLIST_FILE = MyLiveUITests/Info.plist;
				LD_RUNPATH_SEARCH_PATHS = "$(inherited) @executable_path/Frameworks @loader_path/Frameworks";
				PRODUCT_BUNDLE_IDENTIFIER = lm.MyLiveUITests;
				PRODUCT_NAME = "$(TARGET_NAME)";
				TEST_TARGET_NAME = MyLive;
				USES_XCTRUNNER = YES;
			};
			name = Release;
		};
/* End XCBuildConfiguration section */

/* Begin XCConfigurationList section */
		A082FAC320D10D4700958AC9 /* Build configuration list for PBXProject "MyLive" */ = {
			isa = XCConfigurationList;
			buildConfigurations = (
				A082FAF320D10D4800958AC9 /* Debug */,
				A082FAF420D10D4800958AC9 /* Release */,
			);
			defaultConfigurationIsVisible = 0;
			defaultConfigurationName = Release;
		};
		A082FAF520D10D4800958AC9 /* Build configuration list for PBXNativeTarget "MyLive" */ = {
			isa = XCConfigurationList;
			buildConfigurations = (
				A082FAF620D10D4800958AC9 /* Debug */,
				A082FAF720D10D4800958AC9 /* Release */,
			);
			defaultConfigurationIsVisible = 0;
		};
		A082FAF820D10D4800958AC9 /* Build configuration list for PBXNativeTarget "MyLiveTests" */ = {
			isa = XCConfigurationList;
			buildConfigurations = (
				A082FAF920D10D4800958AC9 /* Debug */,
				A082FAFA20D10D4800958AC9 /* Release */,
			);
			defaultConfigurationIsVisible = 0;
		};
		A082FAFB20D10D4800958AC9 /* Build configuration list for PBXNativeTarget "MyLiveUITests" */ = {
			isa = XCConfigurationList;
			buildConfigurations = (
				A082FAFC20D10D4800958AC9 /* Debug */,
				A082FAFD20D10D4800958AC9 /* Release */,
			);
			defaultConfigurationIsVisible = 0;
		};
/* End XCConfigurationList section */
	};
	rootObject = A082FAC020D10D4700958AC9 /* Project object */;
}
